
Microsoft Visual Studio Solution File, Format Version 12.00
# Visual Studio Version 16
VisualStudioVersion = 16.0.32002.261
MinimumVisualStudioVersion = 10.0.40219.1
Project("{FAE04EC0-301F-11D3-BF4B-00C04F79EFBC}") = "Beast", "Beast\Beast.csproj", "{3925398A-9D4A-40B8-A382-600E9BAAA2D5}"
EndProject
Global
	GlobalSection(SolutionConfigurationPlatforms) = preSolution
		Debug|Any CPU = Debug|Any CPU
		Release|Any CPU = Release|Any CPU
	EndGlobalSection
	GlobalSection(ProjectConfigurationPlatforms) = postSolution
		{3925398A-9D4A-40B8-A382-600E9BAAA2D5}.Debug|Any CPU.ActiveCfg = Debug|Any CPU
		{3925398A-9D4A-40B8-A382-600E9BAAA2D5}.Debug|Any CPU.Build.0 = Debug|Any CPU
		{3925398A-9D4A-40B8-A382-600E9BAAA2D5}.Release|Any CPU.ActiveCfg = Release|Any CPU
		{3925398A-9D4A-40B8-A382-600E9BAAA2D5}.Release|Any CPU.Build.0 = Release|Any CPU
	EndGlobalSection
	GlobalSection(SolutionProperties) = preSolution
		HideSolutionNode = FALSE
	EndGlobalSection
	GlobalSection(ExtensibilityGlobals) = postSolution
		SolutionGuid = {D817CF26-3041-4A15-A573-C96A544BEC43}
	EndGlobalSection
EndGlobal
